
Microsoft Visual Studio Solution File, Format Version 12.00
# Visual Studio 14
VisualStudioVersion = 14.0.25123.0
MinimumVisualStudioVersion = 10.0.40219.1
Project("{CC5FD16D-436D-48AD-A40C-5A424C6E3E79}") = "AudioCloudService", "AudioCloudService\AudioCloudService.ccproj", "{9834B6DF-2F24-4E3A-8133-658B4C334397}"
EndProject
Project("{FAE04EC0-301F-11D3-BF4B-00C04F79EFBC}") = "AudioWeb", "AudioWeb\AudioWeb.csproj", "{35B16DE0-7AC6-46AE-8629-ACC7C0709668}"
EndProject
Project("{FAE04EC0-301F-11D3-BF4B-00C04F79EFBC}") = "Models", "Models\Models.csproj", "{EC68CB1B-EB54-4C7D-BA94-D9D56B409BC0}"
EndProject
Project("{FAE04EC0-301F-11D3-BF4B-00C04F79EFBC}") = "StorageCommon", "StorageCommon\StorageCommon.csproj", "{00862563-B8D3-41F9-A3D8-061AC86E4367}"
EndProject
Project("{FAE04EC0-301F-11D3-BF4B-00C04F79EFBC}") = "AudioWorker", "AudioWorker\AudioWorker.csproj", "{3B395123-1BE5-418A-B15F-2693C50AA31C}"
EndProject
Global
	GlobalSection(SolutionConfigurationPlatforms) = preSolution
		Debug|Any CPU = Debug|Any CPU
		Release|Any CPU = Release|Any CPU
	EndGlobalSection
	GlobalSection(ProjectConfigurationPlatforms) = postSolution
		{9834B6DF-2F24-4E3A-8133-658B4C334397}.Debug|Any CPU.ActiveCfg = Debug|Any CPU
		{9834B6DF-2F24-4E3A-8133-658B4C334397}.Debug|Any CPU.Build.0 = Debug|Any CPU
		{9834B6DF-2F24-4E3A-8133-658B4C334397}.Release|Any CPU.ActiveCfg = Release|Any CPU
		{9834B6DF-2F24-4E3A-8133-658B4C334397}.Release|Any CPU.Build.0 = Release|Any CPU
		{35B16DE0-7AC6-46AE-8629-ACC7C0709668}.Debug|Any CPU.ActiveCfg = Debug|Any CPU
		{35B16DE0-7AC6-46AE-8629-ACC7C0709668}.Debug|Any CPU.Build.0 = Debug|Any CPU
		{35B16DE0-7AC6-46AE-8629-ACC7C0709668}.Release|Any CPU.ActiveCfg = Release|Any CPU
		{35B16DE0-7AC6-46AE-8629-ACC7C0709668}.Release|Any CPU.Build.0 = Release|Any CPU
		{EC68CB1B-EB54-4C7D-BA94-D9D56B409BC0}.Debug|Any CPU.ActiveCfg = Debug|Any CPU
		{EC68CB1B-EB54-4C7D-BA94-D9D56B409BC0}.Debug|Any CPU.Build.0 = Debug|Any CPU
		{EC68CB1B-EB54-4C7D-BA94-D9D56B409BC0}.Release|Any CPU.ActiveCfg = Release|Any CPU
		{EC68CB1B-EB54-4C7D-BA94-D9D56B409BC0}.Release|Any CPU.Build.0 = Release|Any CPU
		{00862563-B8D3-41F9-A3D8-061AC86E4367}.Debug|Any CPU.ActiveCfg = Debug|Any CPU
		{00862563-B8D3-41F9-A3D8-061AC86E4367}.Debug|Any CPU.Build.0 = Debug|Any CPU
		{00862563-B8D3-41F9-A3D8-061AC86E4367}.Debug|Any CPU.Deploy.0 = Debug|Any CPU
		{00862563-B8D3-41F9-A3D8-061AC86E4367}.Release|Any CPU.ActiveCfg = Release|Any CPU
		{00862563-B8D3-41F9-A3D8-061AC86E4367}.Release|Any CPU.Build.0 = Release|Any CPU
		{3B395123-1BE5-418A-B15F-2693C50AA31C}.Debug|Any CPU.ActiveCfg = Debug|Any CPU
		{3B395123-1BE5-418A-B15F-2693C50AA31C}.Debug|Any CPU.Build.0 = Debug|Any CPU
		{3B395123-1BE5-418A-B15F-2693C50AA31C}.Release|Any CPU.ActiveCfg = Release|Any CPU
		{3B395123-1BE5-418A-B15F-2693C50AA31C}.Release|Any CPU.Build.0 = Release|Any CPU
	EndGlobalSection
	GlobalSection(SolutionProperties) = preSolution
		HideSolutionNode = FALSE
	EndGlobalSection
EndGlobal
